<?xml version="1.0" encoding="utf-8"?>
<Project ToolsVersion="4.0" xmlns="http://schemas.microsoft.com/developer/msbuild/2003">
  <ItemGroup>
    <Filter Include="Source Files">
      <UniqueIdentifier>{4FC737F1-C7A5-4376-A066-2A32D752A2FF}</UniqueIdentifier>
      <Extensions>cpp;c;cc;cxx;c++;cppm;ixx;def;odl;idl;hpj;bat;asm;asmx</Extensions>
    </Filter>
    <Filter Include="Header Files">
      <UniqueIdentifier>{93995380-89BD-4b04-88EB-625FBE52EBFB}</UniqueIdentifier>
      <Extensions>h;hh;hpp;hxx;h++;hm;inl;inc;ipp;xsd</Extensions>
    </Filter>
    <Filter Include="Resource Files">
      <UniqueIdentifier>{67DA6AB6-F800-4c08-8B7A-83BB121AAD01}</UniqueIdentifier>
      <Extensions>rc;ico;cur;bmp;dlg;rc2;rct;bin;rgs;gif;jpg;jpeg;jpe;resx;tiff;tif;png;wav;mfcribbon-ms</Extensions>
    </Filter>
  </ItemGroup>
  <ItemGroup>
    <ClCompile Include="Source Files\Main.cpp">
      <Filter>Source Files</Filter>
    </ClCompile>
    <ClCompile Include="Source Files\Util.cpp">
      <Filter>Source Files</Filter>
    </ClCompile>
    <ClCompile Include="Source Files\Particles.cpp">
      <Filter>Source Files</Filter>
    </ClCompile>
    <ClCompile Include="Source Files\StateManager.cpp">
      <Filter>Source Files</Filter>
    </ClCompile>
    <ClCompile Include="Source Files\GamePage.cpp">
      <Filter>Source Files</Filter>
    </ClCompile>
    <ClCompile Include="Source Files\MenuPage.cpp">
      <Filter>Source Files</Filter>
    </ClCompile>
    <ClCompile Include="Source Files\GameObject.cpp">
      <Filter>Source Files</Filter>
    </ClCompile>
    <ClCompile Include="Source Files\Collider.cpp">
      <Filter>Source Files</Filter>
    </ClCompile>
    <ClCompile Include="Source Files\SpriteRenderer.cpp">
      <Filter>Source Files</Filter>
    </ClCompile>
    <ClCompile Include="Source Files\Button.cpp">
      <Filter>Source Files</Filter>
    </ClCompile>
    <ClCompile Include="Source Files\Input.cpp">
      <Filter>Source Files</Filter>
    </ClCompile>
    <ClCompile Include="Source Files\TextRenderer.cpp">
      <Filter>Source Files</Filter>
    </ClCompile>
    <ClCompile Include="Source Files\Transform.cpp">
      <Filter>Source Files</Filter>
    </ClCompile>
    <ClCompile Include="Source Files\SplashPage.cpp">
      <Filter>Source Files</Filter>
    </ClCompile>
    <ClCompile Include="Source Files\MiniMap.cpp">
      <Filter>Source Files</Filter>
    </ClCompile>
    <ClCompile Include="Source Files\Player.cpp">
      <Filter>Source Files</Filter>
    </ClCompile>
    <ClCompile Include="Source Files\Enemy.cpp">
      <Filter>Source Files</Filter>
    </ClCompile>
    <ClCompile Include="Source Files\Colour.cpp">
      <Filter>Source Files</Filter>
    </ClCompile>
    <ClCompile Include="Source Files\AIEnemy.cpp">
      <Filter>Source Files</Filter>
    </ClCompile>
    <ClCompile Include="Source Files\FinishPage.cpp">
      <Filter>Source Files</Filter>
    </ClCompile>
  </ItemGroup>
  <ItemGroup>
    <ClInclude Include="Header Files\Particles.h">
      <Filter>Header Files</Filter>
    </ClInclude>
    <ClInclude Include="Header Files\StateManager.h">
      <Filter>Header Files</Filter>
    </ClInclude>
    <ClInclude Include="Header Files\Util.h">
      <Filter>Header Files</Filter>
    </ClInclude>
    <ClInclude Include="Header Files\GamePage.h">
      <Filter>Header Files</Filter>
    </ClInclude>
    <ClInclude Include="Header Files\MenuPage.h">
      <Filter>Header Files</Filter>
    </ClInclude>
    <ClInclude Include="Header Files\pch.h">
      <Filter>Header Files</Filter>
    </ClInclude>
    <ClInclude Include="Header Files\GameObject.h">
      <Filter>Header Files</Filter>
    </ClInclude>
    <ClInclude Include="Header Files\Transform.h">
      <Filter>Header Files</Filter>
    </ClInclude>
    <ClInclude Include="Header Files\Collider.h">
      <Filter>Header Files</Filter>
    </ClInclude>
    <ClInclude Include="Header Files\SpriteRenderer.h">
      <Filter>Header Files</Filter>
    </ClInclude>
    <ClInclude Include="Header Files\Button.h">
      <Filter>Header Files</Filter>
    </ClInclude>
    <ClInclude Include="Header Files\Input.h">
      <Filter>Header Files</Filter>
    </ClInclude>
    <ClInclude Include="Header Files\TextRenderer.h">
      <Filter>Header Files</Filter>
    </ClInclude>
    <ClInclude Include="Header Files\SplashPage.h">
      <Filter>Header Files</Filter>
    </ClInclude>
    <ClInclude Include="Header Files\MiniMap.h">
      <Filter>Header Files</Filter>
    </ClInclude>
    <ClInclude Include="Header Files\Player.h">
      <Filter>Header Files</Filter>
    </ClInclude>
    <ClInclude Include="Header Files\Enemy.h">
      <Filter>Header Files</Filter>
    </ClInclude>
    <ClInclude Include="Header Files\Colour.h">
      <Filter>Header Files</Filter>
    </ClInclude>
    <ClInclude Include="Header Files\AIEnemy.h">
      <Filter>Header Files</Filter>
    </ClInclude>
    <ClInclude Include="Header Files\FinishPage.h">
      <Filter>Header Files</Filter>
    </ClInclude>
  </ItemGroup>
</Project>